// !$*UTF8*$!
{
	archiveVersion = 1;
	classes = {
	};
	objectVersion = 46;
	objects = {

/* Begin PBXBuildFile section */
		544BEF6C178F3B5900A99088 /* KeychainItemWrapper.m in Sources */ = {isa = PBXBuildFile; fileRef = 544BEF6B178F3B1B00A99088 /* KeychainItemWrapper.m */; settings = {COMPILER_FLAGS = "-fno-objc-arc"; }; };
		C5152CD417540D88007A5C0A /* Security.framework in Frameworks */ = {isa = PBXBuildFile; fileRef = C5152CD317540D88007A5C0A /* Security.framework */; };
		C52C101C1753FB0900B4303F /* UIKit.framework in Frameworks */ = {isa = PBXBuildFile; fileRef = C52C101B1753FB0900B4303F /* UIKit.framework */; };
		C52C101E1753FB0900B4303F /* Foundation.framework in Frameworks */ = {isa = PBXBuildFile; fileRef = C52C101D1753FB0900B4303F /* Foundation.framework */; };
		C52C10201753FB0900B4303F /* CoreGraphics.framework in Frameworks */ = {isa = PBXBuildFile; fileRef = C52C101F1753FB0900B4303F /* CoreGraphics.framework */; };
		C52C10261753FB0900B4303F /* InfoPlist.strings in Resources */ = {isa = PBXBuildFile; fileRef = C52C10241753FB0900B4303F /* InfoPlist.strings */; };
		C52C10281753FB0900B4303F /* main.m in Sources */ = {isa = PBXBuildFile; fileRef = C52C10271753FB0900B4303F /* main.m */; };
		C52C102C1753FB0900B4303F /* AppDelegate.m in Sources */ = {isa = PBXBuildFile; fileRef = C52C102B1753FB0900B4303F /* AppDelegate.m */; };
		C52C102E1753FB0900B4303F /* Default.png in Resources */ = {isa = PBXBuildFile; fileRef = C52C102D1753FB0900B4303F /* Default.png */; };
		C52C10301753FB0900B4303F /* Default@2x.png in Resources */ = {isa = PBXBuildFile; fileRef = C52C102F1753FB0900B4303F /* Default@2x.png */; };
		C52C10321753FB0900B4303F /* Default-568h@2x.png in Resources */ = {isa = PBXBuildFile; fileRef = C52C10311753FB0900B4303F /* Default-568h@2x.png */; };
		C52C10351753FB0900B4303F /* ViewController.m in Sources */ = {isa = PBXBuildFile; fileRef = C52C10341753FB0900B4303F /* ViewController.m */; };
		C52C10381753FB0900B4303F /* ViewController_iPhone.xib in Resources */ = {isa = PBXBuildFile; fileRef = C52C10361753FB0900B4303F /* ViewController_iPhone.xib */; };
		C52C103B1753FB0900B4303F /* ViewController_iPad.xib in Resources */ = {isa = PBXBuildFile; fileRef = C52C10391753FB0900B4303F /* ViewController_iPad.xib */; };
		C54BBF761758551400F5DAD8 /* QuartzCore.framework in Frameworks */ = {isa = PBXBuildFile; fileRef = C54BBF751758551400F5DAD8 /* QuartzCore.framework */; };
		E4081E66175F016700F6D6AA /* BoxSDKResources.bundle in Resources */ = {isa = PBXBuildFile; fileRef = E4081E61175F014D00F6D6AA /* BoxSDKResources.bundle */; };
		E4081E67175F016C00F6D6AA /* libBoxSDK.a in Frameworks */ = {isa = PBXBuildFile; fileRef = E4081E5D175F014D00F6D6AA /* libBoxSDK.a */; };
/* End PBXBuildFile section */

/* Begin PBXContainerItemProxy section */
		E4081E5C175F014D00F6D6AA /* PBXContainerItemProxy */ = {
			isa = PBXContainerItemProxy;
			containerPortal = E4081E56175F014D00F6D6AA /* BoxSDK.xcodeproj */;
			proxyType = 2;
			remoteGlobalIDString = E470433B16D41DC500FED29A;
			remoteInfo = BoxSDK;
		};
		E4081E5E175F014D00F6D6AA /* PBXContainerItemProxy */ = {
			isa = PBXContainerItemProxy;
			containerPortal = E4081E56175F014D00F6D6AA /* BoxSDK.xcodeproj */;
			proxyType = 2;
			remoteGlobalIDString = E470434C16D41DC500FED29A;
			remoteInfo = BoxSDKTests;
		};
		E4081E60175F014D00F6D6AA /* PBXContainerItemProxy */ = {
			isa = PBXContainerItemProxy;
			containerPortal = E4081E56175F014D00F6D6AA /* BoxSDK.xcodeproj */;
			proxyType = 2;
			remoteGlobalIDString = E4081D8D1758728900F6D6AA;
			remoteInfo = BoxSDKResources;
		};
		E4081E62175F015B00F6D6AA /* PBXContainerItemProxy */ = {
			isa = PBXContainerItemProxy;
			containerPortal = E4081E56175F014D00F6D6AA /* BoxSDK.xcodeproj */;
			proxyType = 1;
			remoteGlobalIDString = E470433A16D41DC500FED29A;
			remoteInfo = BoxSDK;
		};
		E4081E64175F015B00F6D6AA /* PBXContainerItemProxy */ = {
			isa = PBXContainerItemProxy;
			containerPortal = E4081E56175F014D00F6D6AA /* BoxSDK.xcodeproj */;
			proxyType = 1;
			remoteGlobalIDString = E4081D8C1758728900F6D6AA;
			remoteInfo = BoxSDKResources;
		};
/* End PBXContainerItemProxy section */

/* Begin PBXFileReference section */
		544BEF6A178F3B1B00A99088 /* KeychainItemWrapper.h */ = {isa = PBXFileReference; lastKnownFileType = sourcecode.c.h; path = KeychainItemWrapper.h; sourceTree = "<group>"; };
		544BEF6B178F3B1B00A99088 /* KeychainItemWrapper.m */ = {isa = PBXFileReference; lastKnownFileType = sourcecode.c.objc; path = KeychainItemWrapper.m; sourceTree = "<group>"; };
		C5152CD317540D88007A5C0A /* Security.framework */ = {isa = PBXFileReference; lastKnownFileType = wrapper.framework; name = Security.framework; path = System/Library/Frameworks/Security.framework; sourceTree = SDKROOT; };
		C52C10171753FB0900B4303F /* FolderPicker-SampleApp.app */ = {isa = PBXFileReference; explicitFileType = wrapper.application; includeInIndex = 0; path = "FolderPicker-SampleApp.app"; sourceTree = BUILT_PRODUCTS_DIR; };
		C52C101B1753FB0900B4303F /* UIKit.framework */ = {isa = PBXFileReference; lastKnownFileType = wrapper.framework; name = UIKit.framework; path = System/Library/Frameworks/UIKit.framework; sourceTree = SDKROOT; };
		C52C101D1753FB0900B4303F /* Foundation.framework */ = {isa = PBXFileReference; lastKnownFileType = wrapper.framework; name = Foundation.framework; path = System/Library/Frameworks/Foundation.framework; sourceTree = SDKROOT; };
		C52C101F1753FB0900B4303F /* CoreGraphics.framework */ = {isa = PBXFileReference; lastKnownFileType = wrapper.framework; name = CoreGraphics.framework; path = System/Library/Frameworks/CoreGraphics.framework; sourceTree = SDKROOT; };
		C52C10231753FB0900B4303F /* FolderPicker-SampleApp-Info.plist */ = {isa = PBXFileReference; lastKnownFileType = text.plist.xml; path = "FolderPicker-SampleApp-Info.plist"; sourceTree = "<group>"; };
		C52C10251753FB0900B4303F /* en */ = {isa = PBXFileReference; lastKnownFileType = text.plist.strings; name = en; path = en.lproj/InfoPlist.strings; sourceTree = "<group>"; };
		C52C10271753FB0900B4303F /* main.m */ = {isa = PBXFileReference; lastKnownFileType = sourcecode.c.objc; path = main.m; sourceTree = "<group>"; };
		C52C10291753FB0900B4303F /* FolderPicker-SampleApp-Prefix.pch */ = {isa = PBXFileReference; lastKnownFileType = sourcecode.c.h; path = "FolderPicker-SampleApp-Prefix.pch"; sourceTree = "<group>"; };
		C52C102A1753FB0900B4303F /* AppDelegate.h */ = {isa = PBXFileReference; lastKnownFileType = sourcecode.c.h; path = AppDelegate.h; sourceTree = "<group>"; };
		C52C102B1753FB0900B4303F /* AppDelegate.m */ = {isa = PBXFileReference; lastKnownFileType = sourcecode.c.objc; path = AppDelegate.m; sourceTree = "<group>"; };
		C52C102D1753FB0900B4303F /* Default.png */ = {isa = PBXFileReference; lastKnownFileType = image.png; path = Default.png; sourceTree = "<group>"; };
		C52C102F1753FB0900B4303F /* Default@2x.png */ = {isa = PBXFileReference; lastKnownFileType = image.png; path = "Default@2x.png"; sourceTree = "<group>"; };
		C52C10311753FB0900B4303F /* Default-568h@2x.png */ = {isa = PBXFileReference; lastKnownFileType = image.png; path = "Default-568h@2x.png"; sourceTree = "<group>"; };
		C52C10331753FB0900B4303F /* ViewController.h */ = {isa = PBXFileReference; lastKnownFileType = sourcecode.c.h; path = ViewController.h; sourceTree = "<group>"; };
		C52C10341753FB0900B4303F /* ViewController.m */ = {isa = PBXFileReference; lastKnownFileType = sourcecode.c.objc; path = ViewController.m; sourceTree = "<group>"; };
		C52C10371753FB0900B4303F /* en */ = {isa = PBXFileReference; lastKnownFileType = file.xib; name = en; path = en.lproj/ViewController_iPhone.xib; sourceTree = "<group>"; };
		C52C103A1753FB0900B4303F /* en */ = {isa = PBXFileReference; lastKnownFileType = file.xib; name = en; path = en.lproj/ViewController_iPad.xib; sourceTree = "<group>"; };
		C54BBF751758551400F5DAD8 /* QuartzCore.framework */ = {isa = PBXFileReference; lastKnownFileType = wrapper.framework; name = QuartzCore.framework; path = System/Library/Frameworks/QuartzCore.framework; sourceTree = SDKROOT; };
		E4081E56175F014D00F6D6AA /* BoxSDK.xcodeproj */ = {isa = PBXFileReference; lastKnownFileType = "wrapper.pb-project"; name = BoxSDK.xcodeproj; path = ../vendor/BoxSDK/BoxSDK.xcodeproj; sourceTree = "<group>"; };
/* End PBXFileReference section */

/* Begin PBXFrameworksBuildPhase section */
		C52C10141753FB0900B4303F /* Frameworks */ = {
			isa = PBXFrameworksBuildPhase;
			buildActionMask = 2147483647;
			files = (
				E4081E67175F016C00F6D6AA /* libBoxSDK.a in Frameworks */,
				C54BBF761758551400F5DAD8 /* QuartzCore.framework in Frameworks */,
				C5152CD417540D88007A5C0A /* Security.framework in Frameworks */,
				C52C101C1753FB0900B4303F /* UIKit.framework in Frameworks */,
				C52C101E1753FB0900B4303F /* Foundation.framework in Frameworks */,
				C52C10201753FB0900B4303F /* CoreGraphics.framework in Frameworks */,
			);
			runOnlyForDeploymentPostprocessing = 0;
		};
/* End PBXFrameworksBuildPhase section */

/* Begin PBXGroup section */
		C52C100C1753FB0900B4303F = {
			isa = PBXGroup;
			children = (
				E4081E56175F014D00F6D6AA /* BoxSDK.xcodeproj */,
				C52C10211753FB0900B4303F /* FolderPicker-SampleApp */,
				C52C101A1753FB0900B4303F /* Frameworks */,
				C52C10181753FB0900B4303F /* Products */,
			);
			sourceTree = "<group>";
		};
		C52C10181753FB0900B4303F /* Products */ = {
			isa = PBXGroup;
			children = (
				C52C10171753FB0900B4303F /* FolderPicker-SampleApp.app */,
			);
			name = Products;
			sourceTree = "<group>";
		};
		C52C101A1753FB0900B4303F /* Frameworks */ = {
			isa = PBXGroup;
			children = (
				C54BBF751758551400F5DAD8 /* QuartzCore.framework */,
				C5152CD317540D88007A5C0A /* Security.framework */,
				C52C101B1753FB0900B4303F /* UIKit.framework */,
				C52C101D1753FB0900B4303F /* Foundation.framework */,
				C52C101F1753FB0900B4303F /* CoreGraphics.framework */,
			);
			name = Frameworks;
			sourceTree = "<group>";
		};
		C52C10211753FB0900B4303F /* FolderPicker-SampleApp */ = {
			isa = PBXGroup;
			children = (
				C52C102A1753FB0900B4303F /* AppDelegate.h */,
				C52C102B1753FB0900B4303F /* AppDelegate.m */,
				C52C10331753FB0900B4303F /* ViewController.h */,
				C52C10341753FB0900B4303F /* ViewController.m */,
				C52C10361753FB0900B4303F /* ViewController_iPhone.xib */,
				C52C10391753FB0900B4303F /* ViewController_iPad.xib */,
				544BEF6A178F3B1B00A99088 /* KeychainItemWrapper.h */,
				544BEF6B178F3B1B00A99088 /* KeychainItemWrapper.m */,
				C52C10221753FB0900B4303F /* Supporting Files */,
			);
			path = "FolderPicker-SampleApp";
			sourceTree = "<group>";
		};
		C52C10221753FB0900B4303F /* Supporting Files */ = {
			isa = PBXGroup;
			children = (
				C52C10231753FB0900B4303F /* FolderPicker-SampleApp-Info.plist */,
				C52C10241753FB0900B4303F /* InfoPlist.strings */,
				C52C10271753FB0900B4303F /* main.m */,
				C52C10291753FB0900B4303F /* FolderPicker-SampleApp-Prefix.pch */,
				C52C102D1753FB0900B4303F /* Default.png */,
				C52C102F1753FB0900B4303F /* Default@2x.png */,
				C52C10311753FB0900B4303F /* Default-568h@2x.png */,
			);
			name = "Supporting Files";
			sourceTree = "<group>";
		};
		E4081E57175F014D00F6D6AA /* Products */ = {
			isa = PBXGroup;
			children = (
				E4081E5D175F014D00F6D6AA /* libBoxSDK.a */,
				E4081E5F175F014D00F6D6AA /* BoxSDKTests.octest */,
				E4081E61175F014D00F6D6AA /* BoxSDKResources.bundle */,
			);
			name = Products;
			sourceTree = "<group>";
		};
/* End PBXGroup section */

/* Begin PBXNativeTarget section */
		C52C10161753FB0900B4303F /* FolderPicker-SampleApp */ = {
			isa = PBXNativeTarget;
			buildConfigurationList = C52C103E1753FB0900B4303F /* Build configuration list for PBXNativeTarget "FolderPicker-SampleApp" */;
			buildPhases = (
				C52C10131753FB0900B4303F /* Sources */,
				C52C10141753FB0900B4303F /* Frameworks */,
				C52C10151753FB0900B4303F /* Resources */,
			);
			buildRules = (
			);
			dependencies = (
				E4081E63175F015B00F6D6AA /* PBXTargetDependency */,
				E4081E65175F015B00F6D6AA /* PBXTargetDependency */,
			);
			name = "FolderPicker-SampleApp";
			productName = "FolderPicker-SampleApp";
			productReference = C52C10171753FB0900B4303F /* FolderPicker-SampleApp.app */;
			productType = "com.apple.product-type.application";
		};
/* End PBXNativeTarget section */

/* Begin PBXProject section */
		C52C100E1753FB0900B4303F /* Project object */ = {
			isa = PBXProject;
			attributes = {
				LastUpgradeCheck = 0450;
				ORGANIZATIONNAME = "Box, Inc.";
			};
			buildConfigurationList = C52C10111753FB0900B4303F /* Build configuration list for PBXProject "FolderPicker-SampleApp" */;
			compatibilityVersion = "Xcode 3.2";
			developmentRegion = English;
			hasScannedForEncodings = 0;
			knownRegions = (
				en,
			);
			mainGroup = C52C100C1753FB0900B4303F;
			productRefGroup = C52C10181753FB0900B4303F /* Products */;
			projectDirPath = "";
			projectReferences = (
				{
					ProductGroup = E4081E57175F014D00F6D6AA /* Products */;
					ProjectRef = E4081E56175F014D00F6D6AA /* BoxSDK.xcodeproj */;
				},
			);
			projectRoot = "";
			targets = (
				C52C10161753FB0900B4303F /* FolderPicker-SampleApp */,
			);
		};
/* End PBXProject section */

/* Begin PBXReferenceProxy section */
		E4081E5D175F014D00F6D6AA /* libBoxSDK.a */ = {
			isa = PBXReferenceProxy;
			fileType = archive.ar;
			path = libBoxSDK.a;
			remoteRef = E4081E5C175F014D00F6D6AA /* PBXContainerItemProxy */;
			sourceTree = BUILT_PRODUCTS_DIR;
		};
		E4081E5F175F014D00F6D6AA /* BoxSDKTests.octest */ = {
			isa = PBXReferenceProxy;
			fileType = wrapper.cfbundle;
			path = BoxSDKTests.octest;
			remoteRef = E4081E5E175F014D00F6D6AA /* PBXContainerItemProxy */;
			sourceTree = BUILT_PRODUCTS_DIR;
		};
		E4081E61175F014D00F6D6AA /* BoxSDKResources.bundle */ = {
			isa = PBXReferenceProxy;
			fileType = wrapper.cfbundle;
			path = BoxSDKResources.bundle;
			remoteRef = E4081E60175F014D00F6D6AA /* PBXContainerItemProxy */;
			sourceTree = BUILT_PRODUCTS_DIR;
		};
/* End PBXReferenceProxy section */

/* Begin PBXResourcesBuildPhase section */
		C52C10151753FB0900B4303F /* Resources */ = {
			isa = PBXResourcesBuildPhase;
			buildActionMask = 2147483647;
			files = (
				E4081E66175F016700F6D6AA /* BoxSDKResources.bundle in Resources */,
				C52C10261753FB0900B4303F /* InfoPlist.strings in Resources */,
				C52C102E1753FB0900B4303F /* Default.png in Resources */,
				C52C10301753FB0900B4303F /* Default@2x.png in Resources */,
				C52C10321753FB0900B4303F /* Default-568h@2x.png in Resources */,
				C52C10381753FB0900B4303F /* ViewController_iPhone.xib in Resources */,
				C52C103B1753FB0900B4303F /* ViewController_iPad.xib in Resources */,
			);
			runOnlyForDeploymentPostprocessing = 0;
		};
/* End PBXResourcesBuildPhase section */

/* Begin PBXSourcesBuildPhase section */
		C52C10131753FB0900B4303F /* Sources */ = {
			isa = PBXSourcesBuildPhase;
			buildActionMask = 2147483647;
			files = (
				C52C10281753FB0900B4303F /* main.m in Sources */,
				C52C102C1753FB0900B4303F /* AppDelegate.m in Sources */,
				C52C10351753FB0900B4303F /* ViewController.m in Sources */,
				544BEF6C178F3B5900A99088 /* KeychainItemWrapper.m in Sources */,
			);
			runOnlyForDeploymentPostprocessing = 0;
		};
/* End PBXSourcesBuildPhase section */

/* Begin PBXTargetDependency section */
		E4081E63175F015B00F6D6AA /* PBXTargetDependency */ = {
			isa = PBXTargetDependency;
			name = BoxSDK;
			targetProxy = E4081E62175F015B00F6D6AA /* PBXContainerItemProxy */;
		};
		E4081E65175F015B00F6D6AA /* PBXTargetDependency */ = {
			isa = PBXTargetDependency;
			name = BoxSDKResources;
			targetProxy = E4081E64175F015B00F6D6AA /* PBXContainerItemProxy */;
		};
/* End PBXTargetDependency section */

/* Begin PBXVariantGroup section */
		C52C10241753FB0900B4303F /* InfoPlist.strings */ = {
			isa = PBXVariantGroup;
			children = (
				C52C10251753FB0900B4303F /* en */,
			);
			name = InfoPlist.strings;
			sourceTree = "<group>";
		};
		C52C10361753FB0900B4303F /* ViewController_iPhone.xib */ = {
			isa = PBXVariantGroup;
			children = (
				C52C10371753FB0900B4303F /* en */,
			);
			name = ViewController_iPhone.xib;
			sourceTree = "<group>";
		};
		C52C10391753FB0900B4303F /* ViewController_iPad.xib */ = {
			isa = PBXVariantGroup;
			children = (
				C52C103A1753FB0900B4303F /* en */,
			);
			name = ViewController_iPad.xib;
			sourceTree = "<group>";
		};
/* End PBXVariantGroup section */

/* Begin XCBuildConfiguration section */
		C52C103C1753FB0900B4303F /* Debug */ = {
			isa = XCBuildConfiguration;
			buildSettings = {
				ALWAYS_SEARCH_USER_PATHS = NO;
				CLANG_CXX_LANGUAGE_STANDARD = "gnu++0x";
				CLANG_CXX_LIBRARY = "libc++";
				CLANG_ENABLE_OBJC_ARC = YES;
				CLANG_WARN_EMPTY_BODY = YES;
				CLANG_WARN__DUPLICATE_METHOD_MATCH = YES;
				"CODE_SIGN_IDENTITY[sdk=iphoneos*]" = "iPhone Developer";
				COPY_PHASE_STRIP = NO;
				GCC_C_LANGUAGE_STANDARD = gnu99;
				GCC_DYNAMIC_NO_PIC = NO;
				GCC_OPTIMIZATION_LEVEL = 0;
				GCC_PREPROCESSOR_DEFINITIONS = (
					"DEBUG=1",
					"$(inherited)",
				);
				GCC_SYMBOLS_PRIVATE_EXTERN = NO;
				GCC_WARN_ABOUT_RETURN_TYPE = YES;
				GCC_WARN_UNINITIALIZED_AUTOS = YES;
				GCC_WARN_UNUSED_VARIABLE = YES;
				IPHONEOS_DEPLOYMENT_TARGET = 6.0;
				ONLY_ACTIVE_ARCH = YES;
				SDKROOT = iphoneos;
				TARGETED_DEVICE_FAMILY = "1,2";
			};
			name = Debug;
		};
		C52C103D1753FB0900B4303F /* Release */ = {
			isa = XCBuildConfiguration;
			buildSettings = {
				ALWAYS_SEARCH_USER_PATHS = NO;
				CLANG_CXX_LANGUAGE_STANDARD = "gnu++0x";
				CLANG_CXX_LIBRARY = "libc++";
				CLANG_ENABLE_OBJC_ARC = YES;
				CLANG_WARN_EMPTY_BODY = YES;
				CLANG_WARN__DUPLICATE_METHOD_MATCH = YES;
				"CODE_SIGN_IDENTITY[sdk=iphoneos*]" = "iPhone Developer";
				COPY_PHASE_STRIP = YES;
				GCC_C_LANGUAGE_STANDARD = gnu99;
				GCC_WARN_ABOUT_RETURN_TYPE = YES;
				GCC_WARN_UNINITIALIZED_AUTOS = YES;
				GCC_WARN_UNUSED_VARIABLE = YES;
				IPHONEOS_DEPLOYMENT_TARGET = 6.0;
				OTHER_CFLAGS = "-DNS_BLOCK_ASSERTIONS=1";
				SDKROOT = iphoneos;
				TARGETED_DEVICE_FAMILY = "1,2";
				VALIDATE_PRODUCT = YES;
			};
			name = Release;
		};
		C52C103F1753FB0900B4303F /* Debug */ = {
			isa = XCBuildConfiguration;
			buildSettings = {
				GCC_PRECOMPILE_PREFIX_HEADER = YES;
				GCC_PREFIX_HEADER = "FolderPicker-SampleApp/FolderPicker-SampleApp-Prefix.pch";
				INFOPLIST_FILE = "FolderPicker-SampleApp/FolderPicker-SampleApp-Info.plist";
				IPHONEOS_DEPLOYMENT_TARGET = 5.0;
				OTHER_LDFLAGS = "-ObjC";
				PRODUCT_NAME = "$(TARGET_NAME)";
				WRAPPER_EXTENSION = app;
			};
			name = Debug;
		};
		C52C10401753FB0900B4303F /* Release */ = {
			isa = XCBuildConfiguration;
			buildSettings = {
				GCC_PRECOMPILE_PREFIX_HEADER = YES;
				GCC_PREFIX_HEADER = "FolderPicker-SampleApp/FolderPicker-SampleApp-Prefix.pch";
				HEADER_SEARCH_PATHS = "$(BUILD_ROOT)/../IntermediateBuildFilesPath/UninstalledProducts/include";
				INFOPLIST_FILE = "FolderPicker-SampleApp/FolderPicker-SampleApp-Info.plist";
				IPHONEOS_DEPLOYMENT_TARGET = 5.0;
				OTHER_LDFLAGS = "-ObjC";
				PRODUCT_NAME = "$(TARGET_NAME)";
				WRAPPER_EXTENSION = app;
			};
			name = Release;
		};
/* End XCBuildConfiguration section */

/* Begin XCConfigurationList section */
		C52C10111753FB0900B4303F /* Build configuration list for PBXProject "FolderPicker-SampleApp" */ = {
			isa = XCConfigurationList;
			buildConfigurations = (
				C52C103C1753FB0900B4303F /* Debug */,
				C52C103D1753FB0900B4303F /* Release */,
			);
			defaultConfigurationIsVisible = 0;
			defaultConfigurationName = Release;
		};
		C52C103E1753FB0900B4303F /* Build configuration list for PBXNativeTarget "FolderPicker-SampleApp" */ = {
			isa = XCConfigurationList;
			buildConfigurations = (
				C52C103F1753FB0900B4303F /* Debug */,
				C52C10401753FB0900B4303F /* Release */,
			);
			defaultConfigurationIsVisible = 0;
			defaultConfigurationName = Release;
		};
/* End XCConfigurationList section */
	};
	rootObject = C52C100E1753FB0900B4303F /* Project object */;
}
